
Microsoft Visual Studio Solution File, Format Version 12.00
# Visual Studio 15
VisualStudioVersion = 15.0.27130.2036
MinimumVisualStudioVersion = 10.0.40219.1
Project("{9A19103F-16F7-4668-BE54-9A1E7A4F7556}") = "ranking", "src\ranking\ranking.csproj", "{2B00AE45-8B21-4390-A82C-AA7267AC4D14}"
EndProject
Project("{9A19103F-16F7-4668-BE54-9A1E7A4F7556}") = "ranking.test", "src\ranking.test\ranking.test.csproj", "{31C9440D-28C0-48B0-B427-72330154D6E8}"
EndProject
Global
	GlobalSection(SolutionConfigurationPlatforms) = preSolution
		Debug|Any CPU = Debug|Any CPU
		Release|Any CPU = Release|Any CPU
	EndGlobalSection
	GlobalSection(ProjectConfigurationPlatforms) = postSolution
		{2B00AE45-8B21-4390-A82C-AA7267AC4D14}.Debug|Any CPU.ActiveCfg = Debug|Any CPU
		{2B00AE45-8B21-4390-A82C-AA7267AC4D14}.Debug|Any CPU.Build.0 = Debug|Any CPU
		{2B00AE45-8B21-4390-A82C-AA7267AC4D14}.Release|Any CPU.ActiveCfg = Release|Any CPU
		{2B00AE45-8B21-4390-A82C-AA7267AC4D14}.Release|Any CPU.Build.0 = Release|Any CPU
		{31C9440D-28C0-48B0-B427-72330154D6E8}.Debug|Any CPU.ActiveCfg = Debug|Any CPU
		{31C9440D-28C0-48B0-B427-72330154D6E8}.Debug|Any CPU.Build.0 = Debug|Any CPU
		{31C9440D-28C0-48B0-B427-72330154D6E8}.Release|Any CPU.ActiveCfg = Release|Any CPU
		{31C9440D-28C0-48B0-B427-72330154D6E8}.Release|Any CPU.Build.0 = Release|Any CPU
	EndGlobalSection
	GlobalSection(SolutionProperties) = preSolution
		HideSolutionNode = FALSE
	EndGlobalSection
	GlobalSection(ExtensibilityGlobals) = postSolution
		SolutionGuid = {66CE6D30-EB89-4DDC-A88E-04EAB812B24C}
	EndGlobalSection
EndGlobal
